
Microsoft Visual Studio Solution File, Format Version 12.00
# Visual Studio Version 17
VisualStudioVersion = 17.0.31903.59
MinimumVisualStudioVersion = 10.0.40219.1
Project("{2150E333-8FDC-42A3-9474-1A3956D46DE8}") = "src", "src", "{837789EF-06AB-453F-8DA6-140D8FDDC483}"
EndProject
Project("{FAE04EC0-301F-11D3-BF4B-00C04F79EFBC}") = "BusinessLogic", "src\BusinessLogic\BusinessLogic.csproj", "{AD22C8BA-7C69-4A78-AC07-4CBE728DD0C4}"
EndProject
Project("{FAE04EC0-301F-11D3-BF4B-00C04F79EFBC}") = "DataAccess", "src\DataAccess\DataAccess.csproj", "{5E50A2FA-A903-4EB0-94DD-76E96CD3A113}"
EndProject
Project("{FAE04EC0-301F-11D3-BF4B-00C04F79EFBC}") = "Presentation", "src\Presentation\Presentation.csproj", "{826C2218-28E4-4421-A9BF-ACBC880FA542}"
EndProject
Global
	GlobalSection(SolutionConfigurationPlatforms) = preSolution
		Debug|Any CPU = Debug|Any CPU
		Release|Any CPU = Release|Any CPU
	EndGlobalSection
	GlobalSection(SolutionProperties) = preSolution
		HideSolutionNode = FALSE
	EndGlobalSection
	GlobalSection(ProjectConfigurationPlatforms) = postSolution
		{AD22C8BA-7C69-4A78-AC07-4CBE728DD0C4}.Debug|Any CPU.ActiveCfg = Debug|Any CPU
		{AD22C8BA-7C69-4A78-AC07-4CBE728DD0C4}.Debug|Any CPU.Build.0 = Debug|Any CPU
		{AD22C8BA-7C69-4A78-AC07-4CBE728DD0C4}.Release|Any CPU.ActiveCfg = Release|Any CPU
		{AD22C8BA-7C69-4A78-AC07-4CBE728DD0C4}.Release|Any CPU.Build.0 = Release|Any CPU
		{5E50A2FA-A903-4EB0-94DD-76E96CD3A113}.Debug|Any CPU.ActiveCfg = Debug|Any CPU
		{5E50A2FA-A903-4EB0-94DD-76E96CD3A113}.Debug|Any CPU.Build.0 = Debug|Any CPU
		{5E50A2FA-A903-4EB0-94DD-76E96CD3A113}.Release|Any CPU.ActiveCfg = Release|Any CPU
		{5E50A2FA-A903-4EB0-94DD-76E96CD3A113}.Release|Any CPU.Build.0 = Release|Any CPU
		{826C2218-28E4-4421-A9BF-ACBC880FA542}.Debug|Any CPU.ActiveCfg = Debug|Any CPU
		{826C2218-28E4-4421-A9BF-ACBC880FA542}.Debug|Any CPU.Build.0 = Debug|Any CPU
		{826C2218-28E4-4421-A9BF-ACBC880FA542}.Release|Any CPU.ActiveCfg = Release|Any CPU
		{826C2218-28E4-4421-A9BF-ACBC880FA542}.Release|Any CPU.Build.0 = Release|Any CPU
	EndGlobalSection
	GlobalSection(NestedProjects) = preSolution
		{AD22C8BA-7C69-4A78-AC07-4CBE728DD0C4} = {837789EF-06AB-453F-8DA6-140D8FDDC483}
		{5E50A2FA-A903-4EB0-94DD-76E96CD3A113} = {837789EF-06AB-453F-8DA6-140D8FDDC483}
		{826C2218-28E4-4421-A9BF-ACBC880FA542} = {837789EF-06AB-453F-8DA6-140D8FDDC483}
	EndGlobalSection
EndGlobal
